
Microsoft Visual Studio Solution File, Format Version 12.00
# Visual Studio Version 17
VisualStudioVersion = 17.2.32210.308
MinimumVisualStudioVersion = 10.0.40219.1
Project("{2150E333-8FDC-42A3-9474-1A3956D46DE8}") = "Native", "Native", "{6399012E-52A0-4351-9E25-AFF6C3F9A427}"
EndProject
Project("{2150E333-8FDC-42A3-9474-1A3956D46DE8}") = "Libraries", "Libraries", "{11B2B843-8BF4-4886-81EF-306C156C9B6D}"
EndProject
Project("{2150E333-8FDC-42A3-9474-1A3956D46DE8}") = "Tests", "Tests", "{3CC28100-A2E7-4DEA-9772-05502FE12061}"
EndProject
Project("{9A19103F-16F7-4668-BE54-9A1E7A4F7556}") = "ARS.Web", "Libraries\ARS.Web\ARS.Web.csproj", "{D5154256-E9CA-4EC4-887E-49F2D7BD688C}"
EndProject
Project("{2150E333-8FDC-42A3-9474-1A3956D46DE8}") = "Modules", "Modules", "{803996F6-7BBD-40A7-8299-63AB549ACF66}"
EndProject
Project("{2150E333-8FDC-42A3-9474-1A3956D46DE8}") = "Web", "Web", "{C09B1F54-37CB-4FB6-829C-1BFCF5377DD5}"
EndProject
Project("{9A19103F-16F7-4668-BE54-9A1E7A4F7556}") = "ARS.AdminPanel", "Web\ARS.AdminPanel\ARS.AdminPanel.csproj", "{EF01EB06-9E9D-476A-8FF7-2878861CA008}"
EndProject
Project("{9A19103F-16F7-4668-BE54-9A1E7A4F7556}") = "ARS.Modules.Fitness", "Modules\ARS.Modules.Fitness\ARS.Modules.Fitness.csproj", "{867ECC9A-9816-4BA0-B5B6-75043EEB85BC}"
EndProject
Project("{9A19103F-16F7-4668-BE54-9A1E7A4F7556}") = "ARS.Modules.Sales", "Modules\ARS.Modules.Sales\ARS.Modules.Sales.csproj", "{16E740C7-D4D3-4724-A32B-2F80AF1B99A6}"
EndProject
Project("{9A19103F-16F7-4668-BE54-9A1E7A4F7556}") = "ARS.Modules.Stock", "Modules\ARS.Modules.Stock\ARS.Modules.Stock.csproj", "{A38C48FB-A19E-439B-8EB8-63C0718319E5}"
EndProject
Project("{2150E333-8FDC-42A3-9474-1A3956D46DE8}") = "Apps", "Apps", "{9D3F1B02-B000-4D3B-8C78-356257A52925}"
EndProject
Project("{9A19103F-16F7-4668-BE54-9A1E7A4F7556}") = "ARS.Store.Common", "Libraries\ARS.Store.Common\ARS.Store.Common.csproj", "{C6132B30-5D9C-43E0-9EF5-E5657035F347}"
EndProject
Project("{9A19103F-16F7-4668-BE54-9A1E7A4F7556}") = "ARS.Common", "Libraries\ARS.Common\ARS.Common.csproj", "{7124BC17-7870-4A0F-8056-F2D6EDFFC892}"
EndProject
Project("{FAE04EC0-301F-11D3-BF4B-00C04F79EFBC}") = "ARS.Modules.IOT", "Modules\ARS.Modules.IOT\ARS.Modules.IOT.csproj", "{63B7F9D6-8605-4344-A6A2-498111B09F4F}"
EndProject
Project("{FAE04EC0-301F-11D3-BF4B-00C04F79EFBC}") = "ARS.API", "ARS.API\ARS.API.csproj", "{78741663-677C-4501-9EAB-C1E42DF006BD}"
EndProject
Project("{2150E333-8FDC-42A3-9474-1A3956D46DE8}") = "APIs", "APIs", "{AA0CDD3E-643E-4CD4-9E31-CB567E93574A}"
EndProject
Global
	GlobalSection(SolutionConfigurationPlatforms) = preSolution
		Debug|Any CPU = Debug|Any CPU
		Release|Any CPU = Release|Any CPU
	EndGlobalSection
	GlobalSection(ProjectConfigurationPlatforms) = postSolution
		{D5154256-E9CA-4EC4-887E-49F2D7BD688C}.Debug|Any CPU.ActiveCfg = Debug|Any CPU
		{D5154256-E9CA-4EC4-887E-49F2D7BD688C}.Debug|Any CPU.Build.0 = Debug|Any CPU
		{D5154256-E9CA-4EC4-887E-49F2D7BD688C}.Release|Any CPU.ActiveCfg = Release|Any CPU
		{D5154256-E9CA-4EC4-887E-49F2D7BD688C}.Release|Any CPU.Build.0 = Release|Any CPU
		{EF01EB06-9E9D-476A-8FF7-2878861CA008}.Debug|Any CPU.ActiveCfg = Debug|Any CPU
		{EF01EB06-9E9D-476A-8FF7-2878861CA008}.Debug|Any CPU.Build.0 = Debug|Any CPU
		{EF01EB06-9E9D-476A-8FF7-2878861CA008}.Release|Any CPU.ActiveCfg = Release|Any CPU
		{EF01EB06-9E9D-476A-8FF7-2878861CA008}.Release|Any CPU.Build.0 = Release|Any CPU
		{867ECC9A-9816-4BA0-B5B6-75043EEB85BC}.Debug|Any CPU.ActiveCfg = Debug|Any CPU
		{867ECC9A-9816-4BA0-B5B6-75043EEB85BC}.Debug|Any CPU.Build.0 = Debug|Any CPU
		{867ECC9A-9816-4BA0-B5B6-75043EEB85BC}.Release|Any CPU.ActiveCfg = Release|Any CPU
		{867ECC9A-9816-4BA0-B5B6-75043EEB85BC}.Release|Any CPU.Build.0 = Release|Any CPU
		{16E740C7-D4D3-4724-A32B-2F80AF1B99A6}.Debug|Any CPU.ActiveCfg = Debug|Any CPU
		{16E740C7-D4D3-4724-A32B-2F80AF1B99A6}.Debug|Any CPU.Build.0 = Debug|Any CPU
		{16E740C7-D4D3-4724-A32B-2F80AF1B99A6}.Release|Any CPU.ActiveCfg = Release|Any CPU
		{16E740C7-D4D3-4724-A32B-2F80AF1B99A6}.Release|Any CPU.Build.0 = Release|Any CPU
		{A38C48FB-A19E-439B-8EB8-63C0718319E5}.Debug|Any CPU.ActiveCfg = Debug|Any CPU
		{A38C48FB-A19E-439B-8EB8-63C0718319E5}.Debug|Any CPU.Build.0 = Debug|Any CPU
		{A38C48FB-A19E-439B-8EB8-63C0718319E5}.Release|Any CPU.ActiveCfg = Release|Any CPU
		{A38C48FB-A19E-439B-8EB8-63C0718319E5}.Release|Any CPU.Build.0 = Release|Any CPU
		{C6132B30-5D9C-43E0-9EF5-E5657035F347}.Debug|Any CPU.ActiveCfg = Debug|Any CPU
		{C6132B30-5D9C-43E0-9EF5-E5657035F347}.Debug|Any CPU.Build.0 = Debug|Any CPU
		{C6132B30-5D9C-43E0-9EF5-E5657035F347}.Release|Any CPU.ActiveCfg = Release|Any CPU
		{C6132B30-5D9C-43E0-9EF5-E5657035F347}.Release|Any CPU.Build.0 = Release|Any CPU
		{7124BC17-7870-4A0F-8056-F2D6EDFFC892}.Debug|Any CPU.ActiveCfg = Debug|Any CPU
		{7124BC17-7870-4A0F-8056-F2D6EDFFC892}.Debug|Any CPU.Build.0 = Debug|Any CPU
		{7124BC17-7870-4A0F-8056-F2D6EDFFC892}.Release|Any CPU.ActiveCfg = Release|Any CPU
		{7124BC17-7870-4A0F-8056-F2D6EDFFC892}.Release|Any CPU.Build.0 = Release|Any CPU
		{63B7F9D6-8605-4344-A6A2-498111B09F4F}.Debug|Any CPU.ActiveCfg = Debug|Any CPU
		{63B7F9D6-8605-4344-A6A2-498111B09F4F}.Debug|Any CPU.Build.0 = Debug|Any CPU
		{63B7F9D6-8605-4344-A6A2-498111B09F4F}.Release|Any CPU.ActiveCfg = Release|Any CPU
		{63B7F9D6-8605-4344-A6A2-498111B09F4F}.Release|Any CPU.Build.0 = Release|Any CPU
		{78741663-677C-4501-9EAB-C1E42DF006BD}.Debug|Any CPU.ActiveCfg = Debug|Any CPU
		{78741663-677C-4501-9EAB-C1E42DF006BD}.Debug|Any CPU.Build.0 = Debug|Any CPU
		{78741663-677C-4501-9EAB-C1E42DF006BD}.Release|Any CPU.ActiveCfg = Release|Any CPU
		{78741663-677C-4501-9EAB-C1E42DF006BD}.Release|Any CPU.Build.0 = Release|Any CPU
	EndGlobalSection
	GlobalSection(SolutionProperties) = preSolution
		HideSolutionNode = FALSE
	EndGlobalSection
	GlobalSection(NestedProjects) = preSolution
		{D5154256-E9CA-4EC4-887E-49F2D7BD688C} = {11B2B843-8BF4-4886-81EF-306C156C9B6D}
		{EF01EB06-9E9D-476A-8FF7-2878861CA008} = {C09B1F54-37CB-4FB6-829C-1BFCF5377DD5}
		{867ECC9A-9816-4BA0-B5B6-75043EEB85BC} = {803996F6-7BBD-40A7-8299-63AB549ACF66}
		{16E740C7-D4D3-4724-A32B-2F80AF1B99A6} = {803996F6-7BBD-40A7-8299-63AB549ACF66}
		{A38C48FB-A19E-439B-8EB8-63C0718319E5} = {803996F6-7BBD-40A7-8299-63AB549ACF66}
		{C6132B30-5D9C-43E0-9EF5-E5657035F347} = {11B2B843-8BF4-4886-81EF-306C156C9B6D}
		{7124BC17-7870-4A0F-8056-F2D6EDFFC892} = {11B2B843-8BF4-4886-81EF-306C156C9B6D}
		{63B7F9D6-8605-4344-A6A2-498111B09F4F} = {803996F6-7BBD-40A7-8299-63AB549ACF66}
		{78741663-677C-4501-9EAB-C1E42DF006BD} = {AA0CDD3E-643E-4CD4-9E31-CB567E93574A}
	EndGlobalSection
	GlobalSection(ExtensibilityGlobals) = postSolution
		SolutionGuid = {6A106EE2-82A3-4C0F-A8CD-E330A1665930}
	EndGlobalSection
EndGlobal
